
Microsoft Visual Studio Solution File, Format Version 12.00
# Visual Studio Version 17
VisualStudioVersion = 17.14.37301.10 d17.14
MinimumVisualStudioVersion = 10.0.40219.1
Project("{FAE04EC0-301F-11D3-BF4B-00C04F79EFBC}") = "Warehouse", "Warehouse\Warehouse.csproj", "{AE601871-66CE-4117-AB92-FCAC84EC08B7}"
EndProject
Project("{FAE04EC0-301F-11D3-BF4B-00C04F79EFBC}") = "WarehouseData", "WarehouseData\WarehouseData.csproj", "{DE0495E8-9EB9-4BAD-AE24-2053C955020E}"
EndProject
Global
	GlobalSection(SolutionConfigurationPlatforms) = preSolution
		Debug|Any CPU = Debug|Any CPU
		Release|Any CPU = Release|Any CPU
	EndGlobalSection
	GlobalSection(ProjectConfigurationPlatforms) = postSolution
		{AE601871-66CE-4117-AB92-FCAC84EC08B7}.Debug|Any CPU.ActiveCfg = Debug|Any CPU
		{AE601871-66CE-4117-AB92-FCAC84EC08B7}.Debug|Any CPU.Build.0 = Debug|Any CPU
		{AE601871-66CE-4117-AB92-FCAC84EC08B7}.Release|Any CPU.ActiveCfg = Release|Any CPU
		{AE601871-66CE-4117-AB92-FCAC84EC08B7}.Release|Any CPU.Build.0 = Release|Any CPU
		{DE0495E8-9EB9-4BAD-AE24-2053C955020E}.Debug|Any CPU.ActiveCfg = Debug|Any CPU
		{DE0495E8-9EB9-4BAD-AE24-2053C955020E}.Debug|Any CPU.Build.0 = Debug|Any CPU
		{DE0495E8-9EB9-4BAD-AE24-2053C955020E}.Release|Any CPU.ActiveCfg = Release|Any CPU
		{DE0495E8-9EB9-4BAD-AE24-2053C955020E}.Release|Any CPU.Build.0 = Release|Any CPU
	EndGlobalSection
	GlobalSection(SolutionProperties) = preSolution
		HideSolutionNode = FALSE
	EndGlobalSection
	GlobalSection(ExtensibilityGlobals) = postSolution
		SolutionGuid = {54892CAB-C50E-47BE-AEE4-CC04B97788E9}
	EndGlobalSection
EndGlobal
